
Microsoft Visual Studio Solution File, Format Version 12.00
# Visual Studio 2013
VisualStudioVersion = 12.0.40629.0
MinimumVisualStudioVersion = 10.0.40219.1
Project("{FAE04EC0-301F-11D3-BF4B-00C04F79EFBC}") = "WindowsPhoneClient.UI", "WindowsPhoneClient.UI\WindowsPhoneClient.UI.csproj", "{2236BB17-9B89-4512-AAF7-86980B967252}"
EndProject
Project("{FAE04EC0-301F-11D3-BF4B-00C04F79EFBC}") = "WindowsPhoneClient.ServiceConsumer", "WindowsPhoneClient.ServiceConsumer\WindowsPhoneClient.ServiceConsumer.csproj", "{C232BE0E-ADC1-4424-B2B1-DD1245D3B6FE}"
EndProject
Project("{FAE04EC0-301F-11D3-BF4B-00C04F79EFBC}") = "WindowsPhoneClient.CommonConstants", "WindowsPhoneClient.CommonConstants\WindowsPhoneClient.CommonConstants.csproj", "{346C1B70-8B35-487D-B07F-14869C38109F}"
EndProject
Project("{FAE04EC0-301F-11D3-BF4B-00C04F79EFBC}") = "SinilinkControls", "SinilinkControls\SinilinkControls.csproj", "{6EF270E1-14CF-49CC-8C6A-42165076C6DD}"
EndProject
Global
	GlobalSection(SolutionConfigurationPlatforms) = preSolution
		Debug|Any CPU = Debug|Any CPU
		Debug|ARM = Debug|ARM
		Debug|x86 = Debug|x86
		Release|Any CPU = Release|Any CPU
		Release|ARM = Release|ARM
		Release|x86 = Release|x86
	EndGlobalSection
	GlobalSection(ProjectConfigurationPlatforms) = postSolution
		{2236BB17-9B89-4512-AAF7-86980B967252}.Debug|Any CPU.ActiveCfg = Debug|Any CPU
		{2236BB17-9B89-4512-AAF7-86980B967252}.Debug|Any CPU.Build.0 = Debug|Any CPU
		{2236BB17-9B89-4512-AAF7-86980B967252}.Debug|Any CPU.Deploy.0 = Debug|Any CPU
		{2236BB17-9B89-4512-AAF7-86980B967252}.Debug|ARM.ActiveCfg = Debug|ARM
		{2236BB17-9B89-4512-AAF7-86980B967252}.Debug|ARM.Build.0 = Debug|ARM
		{2236BB17-9B89-4512-AAF7-86980B967252}.Debug|ARM.Deploy.0 = Debug|ARM
		{2236BB17-9B89-4512-AAF7-86980B967252}.Debug|x86.ActiveCfg = Debug|x86
		{2236BB17-9B89-4512-AAF7-86980B967252}.Debug|x86.Build.0 = Debug|x86
		{2236BB17-9B89-4512-AAF7-86980B967252}.Debug|x86.Deploy.0 = Debug|x86
		{2236BB17-9B89-4512-AAF7-86980B967252}.Release|Any CPU.ActiveCfg = Release|Any CPU
		{2236BB17-9B89-4512-AAF7-86980B967252}.Release|Any CPU.Build.0 = Release|Any CPU
		{2236BB17-9B89-4512-AAF7-86980B967252}.Release|Any CPU.Deploy.0 = Release|Any CPU
		{2236BB17-9B89-4512-AAF7-86980B967252}.Release|ARM.ActiveCfg = Release|ARM
		{2236BB17-9B89-4512-AAF7-86980B967252}.Release|ARM.Build.0 = Release|ARM
		{2236BB17-9B89-4512-AAF7-86980B967252}.Release|ARM.Deploy.0 = Release|ARM
		{2236BB17-9B89-4512-AAF7-86980B967252}.Release|x86.ActiveCfg = Release|x86
		{2236BB17-9B89-4512-AAF7-86980B967252}.Release|x86.Build.0 = Release|x86
		{2236BB17-9B89-4512-AAF7-86980B967252}.Release|x86.Deploy.0 = Release|x86
		{C232BE0E-ADC1-4424-B2B1-DD1245D3B6FE}.Debug|Any CPU.ActiveCfg = Debug|Any CPU
		{C232BE0E-ADC1-4424-B2B1-DD1245D3B6FE}.Debug|Any CPU.Build.0 = Debug|Any CPU
		{C232BE0E-ADC1-4424-B2B1-DD1245D3B6FE}.Debug|ARM.ActiveCfg = Debug|ARM
		{C232BE0E-ADC1-4424-B2B1-DD1245D3B6FE}.Debug|ARM.Build.0 = Debug|ARM
		{C232BE0E-ADC1-4424-B2B1-DD1245D3B6FE}.Debug|x86.ActiveCfg = Debug|x86
		{C232BE0E-ADC1-4424-B2B1-DD1245D3B6FE}.Debug|x86.Build.0 = Debug|x86
		{C232BE0E-ADC1-4424-B2B1-DD1245D3B6FE}.Release|Any CPU.ActiveCfg = Release|Any CPU
		{C232BE0E-ADC1-4424-B2B1-DD1245D3B6FE}.Release|Any CPU.Build.0 = Release|Any CPU
		{C232BE0E-ADC1-4424-B2B1-DD1245D3B6FE}.Release|ARM.ActiveCfg = Release|ARM
		{C232BE0E-ADC1-4424-B2B1-DD1245D3B6FE}.Release|ARM.Build.0 = Release|ARM
		{C232BE0E-ADC1-4424-B2B1-DD1245D3B6FE}.Release|x86.ActiveCfg = Release|x86
		{C232BE0E-ADC1-4424-B2B1-DD1245D3B6FE}.Release|x86.Build.0 = Release|x86
		{346C1B70-8B35-487D-B07F-14869C38109F}.Debug|Any CPU.ActiveCfg = Debug|Any CPU
		{346C1B70-8B35-487D-B07F-14869C38109F}.Debug|Any CPU.Build.0 = Debug|Any CPU
		{346C1B70-8B35-487D-B07F-14869C38109F}.Debug|ARM.ActiveCfg = Debug|ARM
		{346C1B70-8B35-487D-B07F-14869C38109F}.Debug|ARM.Build.0 = Debug|ARM
		{346C1B70-8B35-487D-B07F-14869C38109F}.Debug|x86.ActiveCfg = Debug|x86
		{346C1B70-8B35-487D-B07F-14869C38109F}.Debug|x86.Build.0 = Debug|x86
		{346C1B70-8B35-487D-B07F-14869C38109F}.Release|Any CPU.ActiveCfg = Release|Any CPU
		{346C1B70-8B35-487D-B07F-14869C38109F}.Release|Any CPU.Build.0 = Release|Any CPU
		{346C1B70-8B35-487D-B07F-14869C38109F}.Release|ARM.ActiveCfg = Release|ARM
		{346C1B70-8B35-487D-B07F-14869C38109F}.Release|ARM.Build.0 = Release|ARM
		{346C1B70-8B35-487D-B07F-14869C38109F}.Release|x86.ActiveCfg = Release|x86
		{346C1B70-8B35-487D-B07F-14869C38109F}.Release|x86.Build.0 = Release|x86
		{6EF270E1-14CF-49CC-8C6A-42165076C6DD}.Debug|Any CPU.ActiveCfg = Debug|Any CPU
		{6EF270E1-14CF-49CC-8C6A-42165076C6DD}.Debug|Any CPU.Build.0 = Debug|Any CPU
		{6EF270E1-14CF-49CC-8C6A-42165076C6DD}.Debug|ARM.ActiveCfg = Debug|ARM
		{6EF270E1-14CF-49CC-8C6A-42165076C6DD}.Debug|ARM.Build.0 = Debug|ARM
		{6EF270E1-14CF-49CC-8C6A-42165076C6DD}.Debug|x86.ActiveCfg = Debug|x86
		{6EF270E1-14CF-49CC-8C6A-42165076C6DD}.Debug|x86.Build.0 = Debug|x86
		{6EF270E1-14CF-49CC-8C6A-42165076C6DD}.Release|Any CPU.ActiveCfg = Release|Any CPU
		{6EF270E1-14CF-49CC-8C6A-42165076C6DD}.Release|Any CPU.Build.0 = Release|Any CPU
		{6EF270E1-14CF-49CC-8C6A-42165076C6DD}.Release|ARM.ActiveCfg = Release|ARM
		{6EF270E1-14CF-49CC-8C6A-42165076C6DD}.Release|ARM.Build.0 = Release|ARM
		{6EF270E1-14CF-49CC-8C6A-42165076C6DD}.Release|x86.ActiveCfg = Release|x86
		{6EF270E1-14CF-49CC-8C6A-42165076C6DD}.Release|x86.Build.0 = Release|x86
	EndGlobalSection
	GlobalSection(SolutionProperties) = preSolution
		HideSolutionNode = FALSE
	EndGlobalSection
EndGlobal
